// !$*UTF8*$!
{
	archiveVersion = 1;
	classes = {};
	objectVersion = 56;
	objects = {
		000000000000000000000001 = { isa = PBXProject; attributes = { LastUpgradeCheck = 1640; TargetAttributes = { 00000000000000000000000A = { CreatedOnToolsVersion = 16.4; }; 00000000000000000000000B = { CreatedOnToolsVersion = 16.4; TestTargetID = 00000000000000000000000A; }; }; }; buildConfigurationList = 00000000000000000000001E; compatibilityVersion = "Xcode 14.0"; developmentRegion = en; knownRegions = (en, Base); mainGroup = 000000000000000000000002; productRefGroup = 000000000000000000000005; projectDirPath = ""; projectRoot = ""; targets = (00000000000000000000000A, 00000000000000000000000B); };
		000000000000000000000002 = { isa = PBXGroup; children = (000000000000000000000003, 000000000000000000000004, 000000000000000000000005); sourceTree = "<group>"; };
		000000000000000000000003 = { isa = PBXGroup; children = (000000000000000000000028, 000000000000000000000029, 00000000000000000000002A); path = DiewishQA; sourceTree = "<group>"; };
		000000000000000000000004 = { isa = PBXGroup; children = (00000000000000000000002B); path = DiewishQAUITests; sourceTree = "<group>"; };
		000000000000000000000005 = { isa = PBXGroup; children = (00000000000000000000002C, 00000000000000000000002D); name = Products; sourceTree = "<group>"; };
		000000000000000000000028 = { isa = PBXFileReference; lastKnownFileType = sourcecode.swift; path = AppDelegate.swift; sourceTree = "<group>"; };
		000000000000000000000029 = { isa = PBXFileReference; lastKnownFileType = sourcecode.swift; path = ShellViewController.swift; sourceTree = "<group>"; };
		00000000000000000000002A = { isa = PBXFileReference; lastKnownFileType = text.plist.xml; path = Info.plist; sourceTree = "<group>"; };
		00000000000000000000002B = { isa = PBXFileReference; lastKnownFileType = sourcecode.swift; path = RuntimeTests.swift; sourceTree = "<group>"; };
		00000000000000000000002C = { isa = PBXFileReference; explicitFileType = wrapper.application; includeInIndex = 0; path = DiewishQA.app; sourceTree = BUILT_PRODUCTS_DIR; };
		00000000000000000000002D = { isa = PBXFileReference; explicitFileType = wrapper.cfbundle; includeInIndex = 0; path = DiewishQAUITests.xctest; sourceTree = BUILT_PRODUCTS_DIR; };
		000000000000000000000032 = { isa = PBXBuildFile; fileRef = 000000000000000000000028; };
		000000000000000000000033 = { isa = PBXBuildFile; fileRef = 000000000000000000000029; };
		000000000000000000000034 = { isa = PBXBuildFile; fileRef = 00000000000000000000002B; };
		000000000000000000000014 = { isa = PBXSourcesBuildPhase; buildActionMask = 2147483647; files = (000000000000000000000032, 000000000000000000000033); runOnlyForDeploymentPostprocessing = 0; };
		000000000000000000000017 = { isa = PBXSourcesBuildPhase; buildActionMask = 2147483647; files = (000000000000000000000034); runOnlyForDeploymentPostprocessing = 0; };
		000000000000000000000015 = { isa = PBXFrameworksBuildPhase; buildActionMask = 2147483647; files = (); runOnlyForDeploymentPostprocessing = 0; };
		000000000000000000000018 = { isa = PBXFrameworksBuildPhase; buildActionMask = 2147483647; files = (); runOnlyForDeploymentPostprocessing = 0; };
		000000000000000000000016 = { isa = PBXResourcesBuildPhase; buildActionMask = 2147483647; files = (); runOnlyForDeploymentPostprocessing = 0; };
		000000000000000000000019 = { isa = PBXResourcesBuildPhase; buildActionMask = 2147483647; files = (); runOnlyForDeploymentPostprocessing = 0; };
		00000000000000000000000A = { isa = PBXNativeTarget; buildConfigurationList = 00000000000000000000001F; buildPhases = (000000000000000000000014, 000000000000000000000015, 000000000000000000000016); buildRules = (); dependencies = (); name = DiewishQA; productName = DiewishQA; productReference = 00000000000000000000002C; productType = "com.apple.product-type.application"; };
		00000000000000000000000B = { isa = PBXNativeTarget; buildConfigurationList = 000000000000000000000020; buildPhases = (000000000000000000000017, 000000000000000000000018, 000000000000000000000019); buildRules = (); dependencies = (00000000000000000000003D); name = DiewishQAUITests; productName = DiewishQAUITests; productReference = 00000000000000000000002D; productType = "com.apple.product-type.bundle.ui-testing"; };
		00000000000000000000003C = { isa = PBXContainerItemProxy; containerPortal = 000000000000000000000001; proxyType = 1; remoteGlobalIDString = 00000000000000000000000A; remoteInfo = DiewishQA; };
		00000000000000000000003D = { isa = PBXTargetDependency; target = 00000000000000000000000A; targetProxy = 00000000000000000000003C; };
		00000000000000000000001E = { isa = XCConfigurationList; buildConfigurations = (000000000000000000000046, 000000000000000000000047); defaultConfigurationIsVisible = 0; defaultConfigurationName = Debug; };
		00000000000000000000001F = { isa = XCConfigurationList; buildConfigurations = (000000000000000000000048, 000000000000000000000049); defaultConfigurationIsVisible = 0; defaultConfigurationName = Debug; };
		000000000000000000000020 = { isa = XCConfigurationList; buildConfigurations = (00000000000000000000004A, 00000000000000000000004B); defaultConfigurationIsVisible = 0; defaultConfigurationName = Debug; };
		000000000000000000000046 = { isa = XCBuildConfiguration; buildSettings = {CLANG_ENABLE_MODULES = YES; IPHONEOS_DEPLOYMENT_TARGET = 16.4; SDKROOT = iphonesimulator; SUPPORTED_PLATFORMS = iphonesimulator; CODE_SIGNING_ALLOWED = YES; CODE_SIGN_IDENTITY = "-"; SWIFT_VERSION = 5.0; TARGETED_DEVICE_FAMILY = "1,2"; DEBUG_INFORMATION_FORMAT = dwarf; SWIFT_ACTIVE_COMPILATION_CONDITIONS = DEBUG; SWIFT_OPTIMIZATION_LEVEL = "-Onone";}; name = Debug; };
		000000000000000000000047 = { isa = XCBuildConfiguration; buildSettings = {CLANG_ENABLE_MODULES = YES; IPHONEOS_DEPLOYMENT_TARGET = 16.4; SDKROOT = iphonesimulator; SUPPORTED_PLATFORMS = iphonesimulator; CODE_SIGNING_ALLOWED = YES; CODE_SIGN_IDENTITY = "-"; SWIFT_VERSION = 5.0; TARGETED_DEVICE_FAMILY = "1,2"; SWIFT_OPTIMIZATION_LEVEL = "-O";}; name = Release; };
		000000000000000000000048 = { isa = XCBuildConfiguration; buildSettings = {CLANG_ENABLE_MODULES = YES; IPHONEOS_DEPLOYMENT_TARGET = 16.4; SDKROOT = iphonesimulator; SUPPORTED_PLATFORMS = iphonesimulator; CODE_SIGNING_ALLOWED = YES; CODE_SIGN_IDENTITY = "-"; SWIFT_VERSION = 5.0; TARGETED_DEVICE_FAMILY = "1,2"; INFOPLIST_FILE = DiewishQA/Info.plist; PRODUCT_BUNDLE_IDENTIFIER = com.diewish.qa; PRODUCT_NAME = "$(TARGET_NAME)"; GENERATE_INFOPLIST_FILE = NO; ENABLE_USER_SCRIPT_SANDBOXING = YES; }; name = Debug; };
		000000000000000000000049 = { isa = XCBuildConfiguration; buildSettings = {CLANG_ENABLE_MODULES = YES; IPHONEOS_DEPLOYMENT_TARGET = 16.4; SDKROOT = iphonesimulator; SUPPORTED_PLATFORMS = iphonesimulator; CODE_SIGNING_ALLOWED = YES; CODE_SIGN_IDENTITY = "-"; SWIFT_VERSION = 5.0; TARGETED_DEVICE_FAMILY = "1,2"; INFOPLIST_FILE = DiewishQA/Info.plist; PRODUCT_BUNDLE_IDENTIFIER = com.diewish.qa; PRODUCT_NAME = "$(TARGET_NAME)"; GENERATE_INFOPLIST_FILE = NO; ENABLE_USER_SCRIPT_SANDBOXING = YES; }; name = Release; };
		00000000000000000000004A = { isa = XCBuildConfiguration; buildSettings = {CLANG_ENABLE_MODULES = YES; IPHONEOS_DEPLOYMENT_TARGET = 16.4; SDKROOT = iphonesimulator; SUPPORTED_PLATFORMS = iphonesimulator; CODE_SIGNING_ALLOWED = YES; CODE_SIGN_IDENTITY = "-"; SWIFT_VERSION = 5.0; TARGETED_DEVICE_FAMILY = "1,2"; GENERATE_INFOPLIST_FILE = YES; PRODUCT_BUNDLE_IDENTIFIER = com.diewish.qa.uitests; PRODUCT_NAME = "$(TARGET_NAME)"; TEST_TARGET_NAME = DiewishQA; }; name = Debug; };
		00000000000000000000004B = { isa = XCBuildConfiguration; buildSettings = {CLANG_ENABLE_MODULES = YES; IPHONEOS_DEPLOYMENT_TARGET = 16.4; SDKROOT = iphonesimulator; SUPPORTED_PLATFORMS = iphonesimulator; CODE_SIGNING_ALLOWED = YES; CODE_SIGN_IDENTITY = "-"; SWIFT_VERSION = 5.0; TARGETED_DEVICE_FAMILY = "1,2"; GENERATE_INFOPLIST_FILE = YES; PRODUCT_BUNDLE_IDENTIFIER = com.diewish.qa.uitests; PRODUCT_NAME = "$(TARGET_NAME)"; TEST_TARGET_NAME = DiewishQA; }; name = Release; };
	};
	rootObject = 000000000000000000000001;
}
